Microsoft Visual Studio Solution File, Format Version 12.00
# Visual Studio Version 17
VisualStudioVersion = 17.5.2.0
MinimumVisualStudioVersion = 10.0.40219.1
Project("{2150E333-8FDC-42A3-9474-1A3956D46DE8}") = "svamp-app", "svamp-app", "{9FFAED0E-5F6B-D8E7-6101-25AB38DBA347}"
EndProject
Project("{2150E333-8FDC-42A3-9474-1A3956D46DE8}") = "webapp", "webapp", "{C878FE72-E5D6-9976-0093-2273C1F12B20}"
EndProject
Project("{FAE04EC0-301F-11D3-BF4B-00C04F79EFBC}") = "Svampsidan", "svamp-app\webapp\Svampsidan\Svampsidan.csproj", "{A91A5B5F-9904-A4BD-C973-8623339335E2}"
EndProject
Global
	GlobalSection(SolutionConfigurationPlatforms) = preSolution
		Debug|Any CPU = Debug|Any CPU
		Release|Any CPU = Release|Any CPU
	EndGlobalSection
	GlobalSection(ProjectConfigurationPlatforms) = postSolution
		{A91A5B5F-9904-A4BD-C973-8623339335E2}.Debug|Any CPU.ActiveCfg = Debug|Any CPU
		{A91A5B5F-9904-A4BD-C973-8623339335E2}.Debug|Any CPU.Build.0 = Debug|Any CPU
		{A91A5B5F-9904-A4BD-C973-8623339335E2}.Release|Any CPU.ActiveCfg = Release|Any CPU
		{A91A5B5F-9904-A4BD-C973-8623339335E2}.Release|Any CPU.Build.0 = Release|Any CPU
	EndGlobalSection
	GlobalSection(SolutionProperties) = preSolution
		HideSolutionNode = FALSE
	EndGlobalSection
	GlobalSection(NestedProjects) = preSolution
		{C878FE72-E5D6-9976-0093-2273C1F12B20} = {9FFAED0E-5F6B-D8E7-6101-25AB38DBA347}
		{A91A5B5F-9904-A4BD-C973-8623339335E2} = {C878FE72-E5D6-9976-0093-2273C1F12B20}
	EndGlobalSection
	GlobalSection(ExtensibilityGlobals) = postSolution
		SolutionGuid = {74F38B33-D0F2-43C4-8F0D-FFA84AB6834F}
	EndGlobalSection
EndGlobal
